
Microsoft Visual Studio Solution File, Format Version 12.00
# Visual Studio Version 17
VisualStudioVersion = 17.0.31903.59
MinimumVisualStudioVersion = 10.0.40219.1
Project("{2150E333-8FDC-42A3-9474-1A3956D46DE8}") = "src", "src", "{827E0CD3-B72D-47B6-A68D-7590B98EB39B}"
EndProject
Project("{FAE04EC0-301F-11D3-BF4B-00C04F79EFBC}") = "TruckVisit.Api", "src\TruckVisit.Api\TruckVisit.Api.csproj", "{C9AA009D-00F5-487D-8096-FFAD15F2CC87}"
EndProject
Project("{FAE04EC0-301F-11D3-BF4B-00C04F79EFBC}") = "TruckVisit.Application", "src\TruckVisit.Application\TruckVisit.Application.csproj", "{E08030A7-88F1-4ACF-862E-03C9D66A664F}"
EndProject
Project("{FAE04EC0-301F-11D3-BF4B-00C04F79EFBC}") = "TruckVisit.Domain", "src\TruckVisit.Domain\TruckVisit.Domain.csproj", "{8706E0FA-676B-4888-980B-58DBC1115873}"
EndProject
Project("{FAE04EC0-301F-11D3-BF4B-00C04F79EFBC}") = "TruckVisit.Infrastructure", "src\TruckVisit.Infrastructure\TruckVisit.Infrastructure.csproj", "{4CDB5AEF-F0E3-4699-930F-8FA3E907450F}"
EndProject
Project("{2150E333-8FDC-42A3-9474-1A3956D46DE8}") = "tests", "tests", "{0AB3BF05-4346-4AA6-1389-037BE0695223}"
EndProject
Project("{FAE04EC0-301F-11D3-BF4B-00C04F79EFBC}") = "TruckVisit.Api.IntegrationTests", "tests\TruckVisit.Api.IntegrationTests\TruckVisit.Api.IntegrationTests.csproj", "{039B1CAA-536A-4BAA-A2E4-7EC2AE3F6C89}"
EndProject
Project("{FAE04EC0-301F-11D3-BF4B-00C04F79EFBC}") = "TruckVisit.Application.Tests", "tests\TruckVisit.Application.Tests\TruckVisit.Application.Tests.csproj", "{DFF7CB17-9D60-4599-AE97-4A507BACCAAF}"
EndProject
Project("{FAE04EC0-301F-11D3-BF4B-00C04F79EFBC}") = "TruckVisit.Domain.Tests", "tests\TruckVisit.Domain.Tests\TruckVisit.Domain.Tests.csproj", "{73FBE815-F8C7-4E0A-B309-C2C067097A1F}"
EndProject
Project("{FAE04EC0-301F-11D3-BF4B-00C04F79EFBC}") = "TruckVisit.ArchitectureTests", "tests\TruckVisit.ArchitectureTests\TruckVisit.ArchitectureTests.csproj", "{836075AF-5F0D-4254-BEC2-6E1D399B14BF}"
EndProject
Global
	GlobalSection(SolutionConfigurationPlatforms) = preSolution
		Debug|Any CPU = Debug|Any CPU
		Debug|x64 = Debug|x64
		Debug|x86 = Debug|x86
		Release|Any CPU = Release|Any CPU
		Release|x64 = Release|x64
		Release|x86 = Release|x86
	EndGlobalSection
	GlobalSection(ProjectConfigurationPlatforms) = postSolution
		{C9AA009D-00F5-487D-8096-FFAD15F2CC87}.Debug|Any CPU.ActiveCfg = Debug|Any CPU
		{C9AA009D-00F5-487D-8096-FFAD15F2CC87}.Debug|Any CPU.Build.0 = Debug|Any CPU
		{C9AA009D-00F5-487D-8096-FFAD15F2CC87}.Debug|x64.ActiveCfg = Debug|Any CPU
		{C9AA009D-00F5-487D-8096-FFAD15F2CC87}.Debug|x64.Build.0 = Debug|Any CPU
		{C9AA009D-00F5-487D-8096-FFAD15F2CC87}.Debug|x86.ActiveCfg = Debug|Any CPU
		{C9AA009D-00F5-487D-8096-FFAD15F2CC87}.Debug|x86.Build.0 = Debug|Any CPU
		{C9AA009D-00F5-487D-8096-FFAD15F2CC87}.Release|Any CPU.ActiveCfg = Release|Any CPU
		{C9AA009D-00F5-487D-8096-FFAD15F2CC87}.Release|Any CPU.Build.0 = Release|Any CPU
		{C9AA009D-00F5-487D-8096-FFAD15F2CC87}.Release|x64.ActiveCfg = Release|Any CPU
		{C9AA009D-00F5-487D-8096-FFAD15F2CC87}.Release|x64.Build.0 = Release|Any CPU
		{C9AA009D-00F5-487D-8096-FFAD15F2CC87}.Release|x86.ActiveCfg = Release|Any CPU
		{C9AA009D-00F5-487D-8096-FFAD15F2CC87}.Release|x86.Build.0 = Release|Any CPU
		{E08030A7-88F1-4ACF-862E-03C9D66A664F}.Debug|Any CPU.ActiveCfg = Debug|Any CPU
		{E08030A7-88F1-4ACF-862E-03C9D66A664F}.Debug|Any CPU.Build.0 = Debug|Any CPU
		{E08030A7-88F1-4ACF-862E-03C9D66A664F}.Debug|x64.ActiveCfg = Debug|Any CPU
		{E08030A7-88F1-4ACF-862E-03C9D66A664F}.Debug|x64.Build.0 = Debug|Any CPU
		{E08030A7-88F1-4ACF-862E-03C9D66A664F}.Debug|x86.ActiveCfg = Debug|Any CPU
		{E08030A7-88F1-4ACF-862E-03C9D66A664F}.Debug|x86.Build.0 = Debug|Any CPU
		{E08030A7-88F1-4ACF-862E-03C9D66A664F}.Release|Any CPU.ActiveCfg = Release|Any CPU
		{E08030A7-88F1-4ACF-862E-03C9D66A664F}.Release|Any CPU.Build.0 = Release|Any CPU
		{E08030A7-88F1-4ACF-862E-03C9D66A664F}.Release|x64.ActiveCfg = Release|Any CPU
		{E08030A7-88F1-4ACF-862E-03C9D66A664F}.Release|x64.Build.0 = Release|Any CPU
		{E08030A7-88F1-4ACF-862E-03C9D66A664F}.Release|x86.ActiveCfg = Release|Any CPU
		{E08030A7-88F1-4ACF-862E-03C9D66A664F}.Release|x86.Build.0 = Release|Any CPU
		{8706E0FA-676B-4888-980B-58DBC1115873}.Debug|Any CPU.ActiveCfg = Debug|Any CPU
		{8706E0FA-676B-4888-980B-58DBC1115873}.Debug|Any CPU.Build.0 = Debug|Any CPU
		{8706E0FA-676B-4888-980B-58DBC1115873}.Debug|x64.ActiveCfg = Debug|Any CPU
		{8706E0FA-676B-4888-980B-58DBC1115873}.Debug|x64.Build.0 = Debug|Any CPU
		{8706E0FA-676B-4888-980B-58DBC1115873}.Debug|x86.ActiveCfg = Debug|Any CPU
		{8706E0FA-676B-4888-980B-58DBC1115873}.Debug|x86.Build.0 = Debug|Any CPU
		{8706E0FA-676B-4888-980B-58DBC1115873}.Release|Any CPU.ActiveCfg = Release|Any CPU
		{8706E0FA-676B-4888-980B-58DBC1115873}.Release|Any CPU.Build.0 = Release|Any CPU
		{8706E0FA-676B-4888-980B-58DBC1115873}.Release|x64.ActiveCfg = Release|Any CPU
		{8706E0FA-676B-4888-980B-58DBC1115873}.Release|x64.Build.0 = Release|Any CPU
		{8706E0FA-676B-4888-980B-58DBC1115873}.Release|x86.ActiveCfg = Release|Any CPU
		{8706E0FA-676B-4888-980B-58DBC1115873}.Release|x86.Build.0 = Release|Any CPU
		{4CDB5AEF-F0E3-4699-930F-8FA3E907450F}.Debug|Any CPU.ActiveCfg = Debug|Any CPU
		{4CDB5AEF-F0E3-4699-930F-8FA3E907450F}.Debug|Any CPU.Build.0 = Debug|Any CPU
		{4CDB5AEF-F0E3-4699-930F-8FA3E907450F}.Debug|x64.ActiveCfg = Debug|Any CPU
		{4CDB5AEF-F0E3-4699-930F-8FA3E907450F}.Debug|x64.Build.0 = Debug|Any CPU
		{4CDB5AEF-F0E3-4699-930F-8FA3E907450F}.Debug|x86.ActiveCfg = Debug|Any CPU
		{4CDB5AEF-F0E3-4699-930F-8FA3E907450F}.Debug|x86.Build.0 = Debug|Any CPU
		{4CDB5AEF-F0E3-4699-930F-8FA3E907450F}.Release|Any CPU.ActiveCfg = Release|Any CPU
		{4CDB5AEF-F0E3-4699-930F-8FA3E907450F}.Release|Any CPU.Build.0 = Release|Any CPU
		{4CDB5AEF-F0E3-4699-930F-8FA3E907450F}.Release|x64.ActiveCfg = Release|Any CPU
		{4CDB5AEF-F0E3-4699-930F-8FA3E907450F}.Release|x64.Build.0 = Release|Any CPU
		{4CDB5AEF-F0E3-4699-930F-8FA3E907450F}.Release|x86.ActiveCfg = Release|Any CPU
		{4CDB5AEF-F0E3-4699-930F-8FA3E907450F}.Release|x86.Build.0 = Release|Any CPU
		{039B1CAA-536A-4BAA-A2E4-7EC2AE3F6C89}.Debug|Any CPU.ActiveCfg = Debug|Any CPU
		{039B1CAA-536A-4BAA-A2E4-7EC2AE3F6C89}.Debug|Any CPU.Build.0 = Debug|Any CPU
		{039B1CAA-536A-4BAA-A2E4-7EC2AE3F6C89}.Debug|x64.ActiveCfg = Debug|Any CPU
		{039B1CAA-536A-4BAA-A2E4-7EC2AE3F6C89}.Debug|x64.Build.0 = Debug|Any CPU
		{039B1CAA-536A-4BAA-A2E4-7EC2AE3F6C89}.Debug|x86.ActiveCfg = Debug|Any CPU
		{039B1CAA-536A-4BAA-A2E4-7EC2AE3F6C89}.Debug|x86.Build.0 = Debug|Any CPU
		{039B1CAA-536A-4BAA-A2E4-7EC2AE3F6C89}.Release|Any CPU.ActiveCfg = Release|Any CPU
		{039B1CAA-536A-4BAA-A2E4-7EC2AE3F6C89}.Release|Any CPU.Build.0 = Release|Any CPU
		{039B1CAA-536A-4BAA-A2E4-7EC2AE3F6C89}.Release|x64.ActiveCfg = Release|Any CPU
		{039B1CAA-536A-4BAA-A2E4-7EC2AE3F6C89}.Release|x64.Build.0 = Release|Any CPU
		{039B1CAA-536A-4BAA-A2E4-7EC2AE3F6C89}.Release|x86.ActiveCfg = Release|Any CPU
		{039B1CAA-536A-4BAA-A2E4-7EC2AE3F6C89}.Release|x86.Build.0 = Release|Any CPU
		{DFF7CB17-9D60-4599-AE97-4A507BACCAAF}.Debug|Any CPU.ActiveCfg = Debug|Any CPU
		{DFF7CB17-9D60-4599-AE97-4A507BACCAAF}.Debug|Any CPU.Build.0 = Debug|Any CPU
		{DFF7CB17-9D60-4599-AE97-4A507BACCAAF}.Debug|x64.ActiveCfg = Debug|Any CPU
		{DFF7CB17-9D60-4599-AE97-4A507BACCAAF}.Debug|x64.Build.0 = Debug|Any CPU
		{DFF7CB17-9D60-4599-AE97-4A507BACCAAF}.Debug|x86.ActiveCfg = Debug|Any CPU
		{DFF7CB17-9D60-4599-AE97-4A507BACCAAF}.Debug|x86.Build.0 = Debug|Any CPU
		{DFF7CB17-9D60-4599-AE97-4A507BACCAAF}.Release|Any CPU.ActiveCfg = Release|Any CPU
		{DFF7CB17-9D60-4599-AE97-4A507BACCAAF}.Release|Any CPU.Build.0 = Release|Any CPU
		{DFF7CB17-9D60-4599-AE97-4A507BACCAAF}.Release|x64.ActiveCfg = Release|Any CPU
		{DFF7CB17-9D60-4599-AE97-4A507BACCAAF}.Release|x64.Build.0 = Release|Any CPU
		{DFF7CB17-9D60-4599-AE97-4A507BACCAAF}.Release|x86.ActiveCfg = Release|Any CPU
		{DFF7CB17-9D60-4599-AE97-4A507BACCAAF}.Release|x86.Build.0 = Release|Any CPU
		{73FBE815-F8C7-4E0A-B309-C2C067097A1F}.Debug|Any CPU.ActiveCfg = Debug|Any CPU
		{73FBE815-F8C7-4E0A-B309-C2C067097A1F}.Debug|Any CPU.Build.0 = Debug|Any CPU
		{73FBE815-F8C7-4E0A-B309-C2C067097A1F}.Debug|x64.ActiveCfg = Debug|Any CPU
		{73FBE815-F8C7-4E0A-B309-C2C067097A1F}.Debug|x64.Build.0 = Debug|Any CPU
		{73FBE815-F8C7-4E0A-B309-C2C067097A1F}.Debug|x86.ActiveCfg = Debug|Any CPU
		{73FBE815-F8C7-4E0A-B309-C2C067097A1F}.Debug|x86.Build.0 = Debug|Any CPU
		{73FBE815-F8C7-4E0A-B309-C2C067097A1F}.Release|Any CPU.ActiveCfg = Release|Any CPU
		{73FBE815-F8C7-4E0A-B309-C2C067097A1F}.Release|Any CPU.Build.0 = Release|Any CPU
		{73FBE815-F8C7-4E0A-B309-C2C067097A1F}.Release|x64.ActiveCfg = Release|Any CPU
		{73FBE815-F8C7-4E0A-B309-C2C067097A1F}.Release|x64.Build.0 = Release|Any CPU
		{73FBE815-F8C7-4E0A-B309-C2C067097A1F}.Release|x86.ActiveCfg = Release|Any CPU
		{73FBE815-F8C7-4E0A-B309-C2C067097A1F}.Release|x86.Build.0 = Release|Any CPU
		{836075AF-5F0D-4254-BEC2-6E1D399B14BF}.Debug|Any CPU.ActiveCfg = Debug|Any CPU
		{836075AF-5F0D-4254-BEC2-6E1D399B14BF}.Debug|Any CPU.Build.0 = Debug|Any CPU
		{836075AF-5F0D-4254-BEC2-6E1D399B14BF}.Debug|x64.ActiveCfg = Debug|Any CPU
		{836075AF-5F0D-4254-BEC2-6E1D399B14BF}.Debug|x64.Build.0 = Debug|Any CPU
		{836075AF-5F0D-4254-BEC2-6E1D399B14BF}.Debug|x86.ActiveCfg = Debug|Any CPU
		{836075AF-5F0D-4254-BEC2-6E1D399B14BF}.Debug|x86.Build.0 = Debug|Any CPU
		{836075AF-5F0D-4254-BEC2-6E1D399B14BF}.Release|Any CPU.ActiveCfg = Release|Any CPU
		{836075AF-5F0D-4254-BEC2-6E1D399B14BF}.Release|Any CPU.Build.0 = Release|Any CPU
		{836075AF-5F0D-4254-BEC2-6E1D399B14BF}.Release|x64.ActiveCfg = Release|Any CPU
		{836075AF-5F0D-4254-BEC2-6E1D399B14BF}.Release|x64.Build.0 = Release|Any CPU
		{836075AF-5F0D-4254-BEC2-6E1D399B14BF}.Release|x86.ActiveCfg = Release|Any CPU
		{836075AF-5F0D-4254-BEC2-6E1D399B14BF}.Release|x86.Build.0 = Release|Any CPU
	EndGlobalSection
	GlobalSection(SolutionProperties) = preSolution
		HideSolutionNode = FALSE
	EndGlobalSection
	GlobalSection(NestedProjects) = preSolution
		{C9AA009D-00F5-487D-8096-FFAD15F2CC87} = {827E0CD3-B72D-47B6-A68D-7590B98EB39B}
		{E08030A7-88F1-4ACF-862E-03C9D66A664F} = {827E0CD3-B72D-47B6-A68D-7590B98EB39B}
		{8706E0FA-676B-4888-980B-58DBC1115873} = {827E0CD3-B72D-47B6-A68D-7590B98EB39B}
		{4CDB5AEF-F0E3-4699-930F-8FA3E907450F} = {827E0CD3-B72D-47B6-A68D-7590B98EB39B}
		{039B1CAA-536A-4BAA-A2E4-7EC2AE3F6C89} = {0AB3BF05-4346-4AA6-1389-037BE0695223}
		{DFF7CB17-9D60-4599-AE97-4A507BACCAAF} = {0AB3BF05-4346-4AA6-1389-037BE0695223}
		{73FBE815-F8C7-4E0A-B309-C2C067097A1F} = {0AB3BF05-4346-4AA6-1389-037BE0695223}
		{836075AF-5F0D-4254-BEC2-6E1D399B14BF} = {0AB3BF05-4346-4AA6-1389-037BE0695223}
	EndGlobalSection
EndGlobal
